# THIS IS AN AUTOGENERATED FILE. DO NOT EDIT THIS FILE DIRECTLY.
# yarn lockfile v1


coffeescript@2.3.0:
  version "2.3.0"
  resolved "https://registry.yarnpkg.com/coffeescript/-/coffeescript-2.3.0.tgz#d8d77ca5b110f540d52cbdc08e394942c9109994"

commander@~2.15.0:
  version "2.15.1"
  resolved "https://registry.yarnpkg.com/commander/-/commander-2.15.1.tgz#df46e867d0fc2aec66a34662b406a9ccafff5b0f"

lodash@4.17.21:
  version "4.17.21"
  resolved "https://registry.yarnpkg.com/lodash/-/lodash-4.17.21.tgz#679591c564c3bffaae8454cf0b3df370c3d6911c"

source-map@~0.6.1:
  version "0.6.1"
  resolved "https://registry.yarnpkg.com/source-map/-/source-map-0.6.1.tgz#74722af32e9614e9c287a8d0bbde48b5e2f1a263"

uglify-js@3.3.27:
  version "3.3.27"
  resolved "https://registry.yarnpkg.com/uglify-js/-/uglify-js-3.3.27.tgz#eb8c3c9429969f86ff5b0a2422ffc78c3cea8cc0"
  dependencies:
    commander "~2.15.0"
    source-map "~0.6.1"
